// !$*UTF8*$!
{
	archiveVersion = 1;
	classes = {
	};
	objectVersion = 50;
	objects = {

/* Begin PBXBuildFile section */
		BF02289F262D446E00A32D5E /* AppDelegate.m in Sources */ = {isa = PBXBuildFile; fileRef = BF02289E262D446E00A32D5E /* AppDelegate.m */; };
		BF0228A2262D446E00A32D5E /* SceneDelegate.m in Sources */ = {isa = PBXBuildFile; fileRef = BF0228A1262D446E00A32D5E /* SceneDelegate.m */; };
		BF0228A5262D446E00A32D5E /* ViewController.m in Sources */ = {isa = PBXBuildFile; fileRef = BF0228A4262D446E00A32D5E /* ViewController.m */; };
		BF0228A8262D446E00A32D5E /* Main.storyboard in Resources */ = {isa = PBXBuildFile; fileRef = BF0228A6262D446E00A32D5E /* Main.storyboard */; };
		BF0228AA262D447400A32D5E /* Assets.xcassets in Resources */ = {isa = PBXBuildFile; fileRef = BF0228A9262D447400A32D5E /* Assets.xcassets */; };
		BF0228AD262D447400A32D5E /* LaunchScreen.storyboard in Resources */ = {isa = PBXBuildFile; fileRef = BF0228AB262D447400A32D5E /* LaunchScreen.storyboard */; };
		BF0228B0262D447400A32D5E /* main.m in Sources */ = {isa = PBXBuildFile; fileRef = BF0228AF262D447400A32D5E /* main.m */; };
		BFAE20B1262EDA390010EEB9 /* HPHook.h in Headers */ = {isa = PBXBuildFile; fileRef = BFAE20A1262EDA380010EEB9 /* HPHook.h */; settings = {ATTRIBUTES = (Public, ); }; };
		BFAE20B4262EDA390010EEB9 /* HPHook.framework in Frameworks */ = {isa = PBXBuildFile; fileRef = BFAE209F262EDA380010EEB9 /* HPHook.framework */; };
		BFAE20B6262EDA390010EEB9 /* HPHook.framework in Embed Frameworks */ = {isa = PBXBuildFile; fileRef = BFAE209F262EDA380010EEB9 /* HPHook.framework */; settings = {ATTRIBUTES = (CodeSignOnCopy, RemoveHeadersOnCopy, ); }; };
		BFAE20C2262EDA980010EEB9 /* HPInject.h in Headers */ = {isa = PBXBuildFile; fileRef = BFAE20C0262EDA980010EEB9 /* HPInject.h */; };
		BFAE20C3262EDA980010EEB9 /* HPInject.m in Sources */ = {isa = PBXBuildFile; fileRef = BFAE20C1262EDA980010EEB9 /* HPInject.m */; };
		BFAE20DA262EF4CA0010EEB9 /* HPDylibHook.h in Headers */ = {isa = PBXBuildFile; fileRef = BFAE20D9262EF4CA0010EEB9 /* HPDylibHook.h */; };
		BFAE20DC262EF4CA0010EEB9 /* HPDylibHook.m in Sources */ = {isa = PBXBuildFile; fileRef = BFAE20DB262EF4CA0010EEB9 /* HPDylibHook.m */; };
		BFAE20E7262EF5E90010EEB9 /* libHPDylibHook.dylib in Copy Files */ = {isa = PBXBuildFile; fileRef = BFAE20D7262EF4CA0010EEB9 /* libHPDylibHook.dylib */; settings = {ATTRIBUTES = (CodeSignOnCopy, ); }; };
/* End PBXBuildFile section */

/* Begin PBXContainerItemProxy section */
		BFAE20B2262EDA390010EEB9 /* PBXContainerItemProxy */ = {
			isa = PBXContainerItemProxy;
			containerPortal = BF022892262D446E00A32D5E /* Project object */;
			proxyType = 1;
			remoteGlobalIDString = BFAE209E262EDA380010EEB9;
			remoteInfo = HPHook;
		};
/* End PBXContainerItemProxy section */

/* Begin PBXCopyFilesBuildPhase section */
		BFAE20B5262EDA390010EEB9 /* Embed Frameworks */ = {
			isa = PBXCopyFilesBuildPhase;
			buildActionMask = 2147483647;
			dstPath = "";
			dstSubfolderSpec = 10;
			files = (
				BFAE20B6262EDA390010EEB9 /* HPHook.framework in Embed Frameworks */,
			);
			name = "Embed Frameworks";
			runOnlyForDeploymentPostprocessing = 0;
		};
		BFAE20E6262EF5D70010EEB9 /* Copy Files */ = {
			isa = PBXCopyFilesBuildPhase;
			buildActionMask = 2147483647;
			dstPath = "";
			dstSubfolderSpec = 10;
			files = (
				BFAE20E7262EF5E90010EEB9 /* libHPDylibHook.dylib in Copy Files */,
			);
			name = "Copy Files";
			runOnlyForDeploymentPostprocessing = 0;
		};
/* End PBXCopyFilesBuildPhase section */

/* Begin PBXFileReference section */
		BF02289A262D446E00A32D5E /* WeChat.app */ = {isa = PBXFileReference; explicitFileType = wrapper.application; includeInIndex = 0; path = WeChat.app; sourceTree = BUILT_PRODUCTS_DIR; };
		BF02289D262D446E00A32D5E /* AppDelegate.h */ = {isa = PBXFileReference; lastKnownFileType = sourcecode.c.h; path = AppDelegate.h; sourceTree = "<group>"; };
		BF02289E262D446E00A32D5E /* AppDelegate.m */ = {isa = PBXFileReference; lastKnownFileType = sourcecode.c.objc; path = AppDelegate.m; sourceTree = "<group>"; };
		BF0228A0262D446E00A32D5E /* SceneDelegate.h */ = {isa = PBXFileReference; lastKnownFileType = sourcecode.c.h; path = SceneDelegate.h; sourceTree = "<group>"; };
		BF0228A1262D446E00A32D5E /* SceneDelegate.m */ = {isa = PBXFileReference; lastKnownFileType = sourcecode.c.objc; path = SceneDelegate.m; sourceTree = "<group>"; };
		BF0228A3262D446E00A32D5E /* ViewController.h */ = {isa = PBXFileReference; lastKnownFileType = sourcecode.c.h; path = ViewController.h; sourceTree = "<group>"; };
		BF0228A4262D446E00A32D5E /* ViewController.m */ = {isa = PBXFileReference; lastKnownFileType = sourcecode.c.objc; path = ViewController.m; sourceTree = "<group>"; };
		BF0228A7262D446E00A32D5E /* Base */ = {isa = PBXFileReference; lastKnownFileType = file.storyboard; name = Base; path = Base.lproj/Main.storyboard; sourceTree = "<group>"; };
		BF0228A9262D447400A32D5E /* Assets.xcassets */ = {isa = PBXFileReference; lastKnownFileType = folder.assetcatalog; path = Assets.xcassets; sourceTree = "<group>"; };
		BF0228AC262D447400A32D5E /* Base */ = {isa = PBXFileReference; lastKnownFileType = file.storyboard; name = Base; path = Base.lproj/LaunchScreen.storyboard; sourceTree = "<group>"; };
		BF0228AE262D447400A32D5E /* Info.plist */ = {isa = PBXFileReference; lastKnownFileType = text.plist.xml; path = Info.plist; sourceTree = "<group>"; };
		BF0228AF262D447400A32D5E /* main.m */ = {isa = PBXFileReference; lastKnownFileType = sourcecode.c.objc; path = main.m; sourceTree = "<group>"; };
		BFAE209F262EDA380010EEB9 /* HPHook.framework */ = {isa = PBXFileReference; explicitFileType = wrapper.framework; includeInIndex = 0; path = HPHook.framework; sourceTree = BUILT_PRODUCTS_DIR; };
		BFAE20A1262EDA380010EEB9 /* HPHook.h */ = {isa = PBXFileReference; lastKnownFileType = sourcecode.c.h; path = HPHook.h; sourceTree = "<group>"; };
		BFAE20A2262EDA380010EEB9 /* Info.plist */ = {isa = PBXFileReference; lastKnownFileType = text.plist.xml; path = Info.plist; sourceTree = "<group>"; };
		BFAE20C0262EDA980010EEB9 /* HPInject.h */ = {isa = PBXFileReference; lastKnownFileType = sourcecode.c.h; path = HPInject.h; sourceTree = "<group>"; };
		BFAE20C1262EDA980010EEB9 /* HPInject.m */ = {isa = PBXFileReference; lastKnownFileType = sourcecode.c.objc; path = HPInject.m; sourceTree = "<group>"; };
		BFAE20D7262EF4CA0010EEB9 /* libHPDylibHook.dylib */ = {isa = PBXFileReference; explicitFileType = "compiled.mach-o.dylib"; includeInIndex = 0; path = libHPDylibHook.dylib; sourceTree = BUILT_PRODUCTS_DIR; };
		BFAE20D9262EF4CA0010EEB9 /* HPDylibHook.h */ = {isa = PBXFileReference; lastKnownFileType = sourcecode.c.h; path = HPDylibHook.h; sourceTree = "<group>"; };
		BFAE20DB262EF4CA0010EEB9 /* HPDylibHook.m */ = {isa = PBXFileReference; lastKnownFileType = sourcecode.c.objc; path = HPDylibHook.m; sourceTree = "<group>"; };
/* End PBXFileReference section */

/* Begin PBXFrameworksBuildPhase section */
		BF022897262D446E00A32D5E /* Frameworks */ = {
			isa = PBXFrameworksBuildPhase;
			buildActionMask = 2147483647;
			files = (
				BFAE20B4262EDA390010EEB9 /* HPHook.framework in Frameworks */,
			);
			runOnlyForDeploymentPostprocessing = 0;
		};
		BFAE209C262EDA380010EEB9 /* Frameworks */ = {
			isa = PBXFrameworksBuildPhase;
			buildActionMask = 2147483647;
			files = (
			);
			runOnlyForDeploymentPostprocessing = 0;
		};
		BFAE20D5262EF4CA0010EEB9 /* Frameworks */ = {
			isa = PBXFrameworksBuildPhase;
			buildActionMask = 2147483647;
			files = (
			);
			runOnlyForDeploymentPostprocessing = 0;
		};
/* End PBXFrameworksBuildPhase section */

/* Begin PBXGroup section */
		BF022891262D446E00A32D5E = {
			isa = PBXGroup;
			children = (
				BF02289C262D446E00A32D5E /* WeChat */,
				BFAE20A0262EDA380010EEB9 /* HPHook */,
				BFAE20D8262EF4CA0010EEB9 /* HPDylibHook */,
				BF02289B262D446E00A32D5E /* Products */,
			);
			sourceTree = "<group>";
		};
		BF02289B262D446E00A32D5E /* Products */ = {
			isa = PBXGroup;
			children = (
				BF02289A262D446E00A32D5E /* WeChat.app */,
				BFAE209F262EDA380010EEB9 /* HPHook.framework */,
				BFAE20D7262EF4CA0010EEB9 /* libHPDylibHook.dylib */,
			);
			name = Products;
			sourceTree = "<group>";
		};
		BF02289C262D446E00A32D5E /* WeChat */ = {
			isa = PBXGroup;
			children = (
				BF02289D262D446E00A32D5E /* AppDelegate.h */,
				BF02289E262D446E00A32D5E /* AppDelegate.m */,
				BF0228A0262D446E00A32D5E /* SceneDelegate.h */,
				BF0228A1262D446E00A32D5E /* SceneDelegate.m */,
				BF0228A3262D446E00A32D5E /* ViewController.h */,
				BF0228A4262D446E00A32D5E /* ViewController.m */,
				BF0228A6262D446E00A32D5E /* Main.storyboard */,
				BF0228A9262D447400A32D5E /* Assets.xcassets */,
				BF0228AB262D447400A32D5E /* LaunchScreen.storyboard */,
				BF0228AE262D447400A32D5E /* Info.plist */,
				BF0228AF262D447400A32D5E /* main.m */,
			);
			path = WeChat;
			sourceTree = "<group>";
		};
		BFAE20A0262EDA380010EEB9 /* HPHook */ = {
			isa = PBXGroup;
			children = (
				BFAE20A1262EDA380010EEB9 /* HPHook.h */,
				BFAE20C0262EDA980010EEB9 /* HPInject.h */,
				BFAE20C1262EDA980010EEB9 /* HPInject.m */,
				BFAE20A2262EDA380010EEB9 /* Info.plist */,
			);
			path = HPHook;
			sourceTree = "<group>";
		};
		BFAE20D8262EF4CA0010EEB9 /* HPDylibHook */ = {
			isa = PBXGroup;
			children = (
				BFAE20D9262EF4CA0010EEB9 /* HPDylibHook.h */,
				BFAE20DB262EF4CA0010EEB9 /* HPDylibHook.m */,
			);
			path = HPDylibHook;
			sourceTree = "<group>";
		};
/* End PBXGroup section */

/* Begin PBXHeadersBuildPhase section */
		BFAE209A262EDA380010EEB9 /* Headers */ = {
			isa = PBXHeadersBuildPhase;
			buildActionMask = 2147483647;
			files = (
				BFAE20B1262EDA390010EEB9 /* HPHook.h in Headers */,
				BFAE20C2262EDA980010EEB9 /* HPInject.h in Headers */,
			);
			runOnlyForDeploymentPostprocessing = 0;
		};
		BFAE20D3262EF4CA0010EEB9 /* Headers */ = {
			isa = PBXHeadersBuildPhase;
			buildActionMask = 2147483647;
			files = (
				BFAE20DA262EF4CA0010EEB9 /* HPDylibHook.h in Headers */,
			);
			runOnlyForDeploymentPostprocessing = 0;
		};
/* End PBXHeadersBuildPhase section */

/* Begin PBXNativeTarget section */
		BF022899262D446E00A32D5E /* WeChat */ = {
			isa = PBXNativeTarget;
			buildConfigurationList = BF0228B3262D447400A32D5E /* Build configuration list for PBXNativeTarget "WeChat" */;
			buildPhases = (
				BF022896262D446E00A32D5E /* Sources */,
				BF022897262D446E00A32D5E /* Frameworks */,
				BF022898262D446E00A32D5E /* Resources */,
				BF0228B9262D64AB00A32D5E /* ShellScript */,
				BFAE20B5262EDA390010EEB9 /* Embed Frameworks */,
				BFAE20E6262EF5D70010EEB9 /* Copy Files */,
			);
			buildRules = (
			);
			dependencies = (
				BFAE20B3262EDA390010EEB9 /* PBXTargetDependency */,
			);
			name = WeChat;
			productName = WeChat;
			productReference = BF02289A262D446E00A32D5E /* WeChat.app */;
			productType = "com.apple.product-type.application";
		};
		BFAE209E262EDA380010EEB9 /* HPHook */ = {
			isa = PBXNativeTarget;
			buildConfigurationList = BFAE20BB262EDA390010EEB9 /* Build configuration list for PBXNativeTarget "HPHook" */;
			buildPhases = (
				BFAE209A262EDA380010EEB9 /* Headers */,
				BFAE209B262EDA380010EEB9 /* Sources */,
				BFAE209C262EDA380010EEB9 /* Frameworks */,
				BFAE209D262EDA380010EEB9 /* Resources */,
			);
			buildRules = (
			);
			dependencies = (
			);
			name = HPHook;
			productName = HPHook;
			productReference = BFAE209F262EDA380010EEB9 /* HPHook.framework */;
			productType = "com.apple.product-type.framework";
		};
		BFAE20D6262EF4CA0010EEB9 /* HPDylibHook */ = {
			isa = PBXNativeTarget;
			buildConfigurationList = BFAE20DD262EF4CA0010EEB9 /* Build configuration list for PBXNativeTarget "HPDylibHook" */;
			buildPhases = (
				BFAE20D3262EF4CA0010EEB9 /* Headers */,
				BFAE20D4262EF4CA0010EEB9 /* Sources */,
				BFAE20D5262EF4CA0010EEB9 /* Frameworks */,
			);
			buildRules = (
			);
			dependencies = (
			);
			name = HPDylibHook;
			productName = HPDylibHook;
			productReference = BFAE20D7262EF4CA0010EEB9 /* libHPDylibHook.dylib */;
			productType = "com.apple.product-type.library.dynamic";
		};
/* End PBXNativeTarget section */

/* Begin PBXProject section */
		BF022892262D446E00A32D5E /* Project object */ = {
			isa = PBXProject;
			attributes = {
				LastUpgradeCheck = 1240;
				TargetAttributes = {
					BF022899262D446E00A32D5E = {
						CreatedOnToolsVersion = 12.4;
					};
					BFAE209E262EDA380010EEB9 = {
						CreatedOnToolsVersion = 12.4;
					};
					BFAE20D6262EF4CA0010EEB9 = {
						CreatedOnToolsVersion = 12.4;
					};
				};
			};
			buildConfigurationList = BF022895262D446E00A32D5E /* Build configuration list for PBXProject "WeChat" */;
			compatibilityVersion = "Xcode 9.3";
			developmentRegion = en;
			hasScannedForEncodings = 0;
			knownRegions = (
				en,
				Base,
			);
			mainGroup = BF022891262D446E00A32D5E;
			productRefGroup = BF02289B262D446E00A32D5E /* Products */;
			projectDirPath = "";
			projectRoot = "";
			targets = (
				BF022899262D446E00A32D5E /* WeChat */,
				BFAE209E262EDA380010EEB9 /* HPHook */,
				BFAE20D6262EF4CA0010EEB9 /* HPDylibHook */,
			);
		};
/* End PBXProject section */

/* Begin PBXResourcesBuildPhase section */
		BF022898262D446E00A32D5E /* Resources */ = {
			isa = PBXResourcesBuildPhase;
			buildActionMask = 2147483647;
			files = (
				BF0228AD262D447400A32D5E /* LaunchScreen.storyboard in Resources */,
				BF0228AA262D447400A32D5E /* Assets.xcassets in Resources */,
				BF0228A8262D446E00A32D5E /* Main.storyboard in Resources */,
			);
			runOnlyForDeploymentPostprocessing = 0;
		};
		BFAE209D262EDA380010EEB9 /* Resources */ = {
			isa = PBXResourcesBuildPhase;
			buildActionMask = 2147483647;
			files = (
			);
			runOnlyForDeploymentPostprocessing = 0;
		};
/* End PBXResourcesBuildPhase section */

/* Begin PBXShellScriptBuildPhase section */
		BF0228B9262D64AB00A32D5E /* ShellScript */ = {
			isa = PBXShellScriptBuildPhase;
			buildActionMask = 2147483647;
			files = (
			);
			inputFileListPaths = (
			);
			inputPaths = (
			);
			outputFileListPaths = (
			);
			outputPaths = (
			);
			runOnlyForDeploymentPostprocessing = 0;
			shellPath = /bin/sh;
			shellScript = "./appResign.sh\n";
		};
/* End PBXShellScriptBuildPhase section */

/* Begin PBXSourcesBuildPhase section */
		BF022896262D446E00A32D5E /* Sources */ = {
			isa = PBXSourcesBuildPhase;
			buildActionMask = 2147483647;
			files = (
				BF0228A5262D446E00A32D5E /* ViewController.m in Sources */,
				BF02289F262D446E00A32D5E /* AppDelegate.m in Sources */,
				BF0228B0262D447400A32D5E /* main.m in Sources */,
				BF0228A2262D446E00A32D5E /* SceneDelegate.m in Sources */,
			);
			runOnlyForDeploymentPostprocessing = 0;
		};
		BFAE209B262EDA380010EEB9 /* Sources */ = {
			isa = PBXSourcesBuildPhase;
			buildActionMask = 2147483647;
			files = (
				BFAE20C3262EDA980010EEB9 /* HPInject.m in Sources */,
			);
			runOnlyForDeploymentPostprocessing = 0;
		};
		BFAE20D4262EF4CA0010EEB9 /* Sources */ = {
			isa = PBXSourcesBuildPhase;
			buildActionMask = 2147483647;
			files = (
				BFAE20DC262EF4CA0010EEB9 /* HPDylibHook.m in Sources */,
			);
			runOnlyForDeploymentPostprocessing = 0;
		};
/* End PBXSourcesBuildPhase section */

/* Begin PBXTargetDependency section */
		BFAE20B3262EDA390010EEB9 /* PBXTargetDependency */ = {
			isa = PBXTargetDependency;
			target = BFAE209E262EDA380010EEB9 /* HPHook */;
			targetProxy = BFAE20B2262EDA390010EEB9 /* PBXContainerItemProxy */;
		};
/* End PBXTargetDependency section */

/* Begin PBXVariantGroup section */
		BF0228A6262D446E00A32D5E /* Main.storyboard */ = {
			isa = PBXVariantGroup;
			children = (
				BF0228A7262D446E00A32D5E /* Base */,
			);
			name = Main.storyboard;
			sourceTree = "<group>";
		};
		BF0228AB262D447400A32D5E /* LaunchScreen.storyboard */ = {
			isa = PBXVariantGroup;
			children = (
				BF0228AC262D447400A32D5E /* Base */,
			);
			name = LaunchScreen.storyboard;
			sourceTree = "<group>";
		};
/* End PBXVariantGroup section */

/* Begin XCBuildConfiguration section */
		BF0228B1262D447400A32D5E /* Debug */ = {
			isa = XCBuildConfiguration;
			buildSettings = {
				ALWAYS_SEARCH_USER_PATHS = NO;
				CLANG_ANALYZER_NONNULL = YES;
				CLANG_ANALYZER_NUMBER_OBJECT_CONVERSION = YES_AGGRESSIVE;
				CLANG_CXX_LANGUAGE_STANDARD = "gnu++14";
				CLANG_CXX_LIBRARY = "libc++";
				CLANG_ENABLE_MODULES = YES;
				CLANG_ENABLE_OBJC_ARC = YES;
				CLANG_ENABLE_OBJC_WEAK = YES;
				CLANG_WARN_BLOCK_CAPTURE_AUTORELEASING = YES;
				CLANG_WARN_BOOL_CONVERSION = YES;
				CLANG_WARN_COMMA = YES;
				CLANG_WARN_CONSTANT_CONVERSION = YES;
				CLANG_WARN_DEPRECATED_OBJC_IMPLEMENTATIONS = YES;
				CLANG_WARN_DIRECT_OBJC_ISA_USAGE = YES_ERROR;
				CLANG_WARN_DOCUMENTATION_COMMENTS = YES;
				CLANG_WARN_EMPTY_BODY = YES;
				CLANG_WARN_ENUM_CONVERSION = YES;
				CLANG_WARN_INFINITE_RECURSION = YES;
				CLANG_WARN_INT_CONVERSION = YES;
				CLANG_WARN_NON_LITERAL_NULL_CONVERSION = YES;
				CLANG_WARN_OBJC_IMPLICIT_RETAIN_SELF = YES;
				CLANG_WARN_OBJC_LITERAL_CONVERSION = YES;
				CLANG_WARN_OBJC_ROOT_CLASS = YES_ERROR;
				CLANG_WARN_QUOTED_INCLUDE_IN_FRAMEWORK_HEADER = YES;
				CLANG_WARN_RANGE_LOOP_ANALYSIS = YES;
				CLANG_WARN_STRICT_PROTOTYPES = YES;
				CLANG_WARN_SUSPICIOUS_MOVE = YES;
				CLANG_WARN_UNGUARDED_AVAILABILITY = YES_AGGRESSIVE;
				CLANG_WARN_UNREACHABLE_CODE = YES;
				CLANG_WARN__DUPLICATE_METHOD_MATCH = YES;
				COPY_PHASE_STRIP = NO;
				DEBUG_INFORMATION_FORMAT = dwarf;
				ENABLE_STRICT_OBJC_MSGSEND = YES;
				ENABLE_TESTABILITY = YES;
				GCC_C_LANGUAGE_STANDARD = gnu11;
				GCC_DYNAMIC_NO_PIC = NO;
				GCC_NO_COMMON_BLOCKS = YES;
				GCC_OPTIMIZATION_LEVEL = 0;
				GCC_PREPROCESSOR_DEFINITIONS = (
					"DEBUG=1",
					"$(inherited)",
				);
				GCC_WARN_64_TO_32_BIT_CONVERSION = YES;
				GCC_WARN_ABOUT_RETURN_TYPE = YES_ERROR;
				GCC_WARN_UNDECLARED_SELECTOR = YES;
				GCC_WARN_UNINITIALIZED_AUTOS = YES_AGGRESSIVE;
				GCC_WARN_UNUSED_FUNCTION = YES;
				GCC_WARN_UNUSED_VARIABLE = YES;
				IPHONEOS_DEPLOYMENT_TARGET = 14.4;
				MTL_ENABLE_DEBUG_INFO = INCLUDE_SOURCE;
				MTL_FAST_MATH = YES;
				ONLY_ACTIVE_ARCH = YES;
				SDKROOT = iphoneos;
			};
			name = Debug;
		};
		BF0228B2262D447400A32D5E /* Release */ = {
			isa = XCBuildConfiguration;
			buildSettings = {
				ALWAYS_SEARCH_USER_PATHS = NO;
				CLANG_ANALYZER_NONNULL = YES;
				CLANG_ANALYZER_NUMBER_OBJECT_CONVERSION = YES_AGGRESSIVE;
				CLANG_CXX_LANGUAGE_STANDARD = "gnu++14";
				CLANG_CXX_LIBRARY = "libc++";
				CLANG_ENABLE_MODULES = YES;
				CLANG_ENABLE_OBJC_ARC = YES;
				CLANG_ENABLE_OBJC_WEAK = YES;
				CLANG_WARN_BLOCK_CAPTURE_AUTORELEASING = YES;
				CLANG_WARN_BOOL_CONVERSION = YES;
				CLANG_WARN_COMMA = YES;
				CLANG_WARN_CONSTANT_CONVERSION = YES;
				CLANG_WARN_DEPRECATED_OBJC_IMPLEMENTATIONS = YES;
				CLANG_WARN_DIRECT_OBJC_ISA_USAGE = YES_ERROR;
				CLANG_WARN_DOCUMENTATION_COMMENTS = YES;
				CLANG_WARN_EMPTY_BODY = YES;
				CLANG_WARN_ENUM_CONVERSION = YES;
				CLANG_WARN_INFINITE_RECURSION = YES;
				CLANG_WARN_INT_CONVERSION = YES;
				CLANG_WARN_NON_LITERAL_NULL_CONVERSION = YES;
				CLANG_WARN_OBJC_IMPLICIT_RETAIN_SELF = YES;
				CLANG_WARN_OBJC_LITERAL_CONVERSION = YES;
				CLANG_WARN_OBJC_ROOT_CLASS = YES_ERROR;
				CLANG_WARN_QUOTED_INCLUDE_IN_FRAMEWORK_HEADER = YES;
				CLANG_WARN_RANGE_LOOP_ANALYSIS = YES;
				CLANG_WARN_STRICT_PROTOTYPES = YES;
				CLANG_WARN_SUSPICIOUS_MOVE = YES;
				CLANG_WARN_UNGUARDED_AVAILABILITY = YES_AGGRESSIVE;
				CLANG_WARN_UNREACHABLE_CODE = YES;
				CLANG_WARN__DUPLICATE_METHOD_MATCH = YES;
				COPY_PHASE_STRIP = NO;
				DEBUG_INFORMATION_FORMAT = "dwarf-with-dsym";
				ENABLE_NS_ASSERTIONS = NO;
				ENABLE_STRICT_OBJC_MSGSEND = YES;
				GCC_C_LANGUAGE_STANDARD = gnu11;
				GCC_NO_COMMON_BLOCKS = YES;
				GCC_WARN_64_TO_32_BIT_CONVERSION = YES;
				GCC_WARN_ABOUT_RETURN_TYPE = YES_ERROR;
				GCC_WARN_UNDECLARED_SELECTOR = YES;
				GCC_WARN_UNINITIALIZED_AUTOS = YES_AGGRESSIVE;
				GCC_WARN_UNUSED_FUNCTION = YES;
				GCC_WARN_UNUSED_VARIABLE = YES;
				IPHONEOS_DEPLOYMENT_TARGET = 14.4;
				MTL_ENABLE_DEBUG_INFO = NO;
				MTL_FAST_MATH = YES;
				SDKROOT = iphoneos;
				VALIDATE_PRODUCT = YES;
			};
			name = Release;
		};
		BF0228B4262D447400A32D5E /* Debug */ = {
			isa = XCBuildConfiguration;
			buildSettings = {
				ASSETCATALOG_COMPILER_APPICON_NAME = AppIcon;
				ASSETCATALOG_COMPILER_GLOBAL_ACCENT_COLOR_NAME = AccentColor;
				CODE_SIGN_IDENTITY = "Apple Development";
				CODE_SIGN_STYLE = Automatic;
				DEVELOPMENT_TEAM = S48J667P47;
				INFOPLIST_FILE = WeChat/Info.plist;
				IPHONEOS_DEPLOYMENT_TARGET = 10.0;
				LD_RUNPATH_SEARCH_PATHS = (
					"$(inherited)",
					"@executable_path/Frameworks",
				);
				PRODUCT_BUNDLE_IDENTIFIER = com.guaizai.WeChat;
				PRODUCT_NAME = "$(TARGET_NAME)";
				PROVISIONING_PROFILE_SPECIFIER = "";
				TARGETED_DEVICE_FAMILY = "1,2";
			};
			name = Debug;
		};
		BF0228B5262D447400A32D5E /* Release */ = {
			isa = XCBuildConfiguration;
			buildSettings = {
				ASSETCATALOG_COMPILER_APPICON_NAME = AppIcon;
				ASSETCATALOG_COMPILER_GLOBAL_ACCENT_COLOR_NAME = AccentColor;
				CODE_SIGN_IDENTITY = "Apple Development";
				CODE_SIGN_STYLE = Automatic;
				DEVELOPMENT_TEAM = S48J667P47;
				INFOPLIST_FILE = WeChat/Info.plist;
				IPHONEOS_DEPLOYMENT_TARGET = 10.0;
				LD_RUNPATH_SEARCH_PATHS = (
					"$(inherited)",
					"@executable_path/Frameworks",
				);
				PRODUCT_BUNDLE_IDENTIFIER = com.guaizai.WeChat;
				PRODUCT_NAME = "$(TARGET_NAME)";
				PROVISIONING_PROFILE_SPECIFIER = "";
				TARGETED_DEVICE_FAMILY = "1,2";
			};
			name = Release;
		};
		BFAE20B7262EDA390010EEB9 /* Debug */ = {
			isa = XCBuildConfiguration;
			buildSettings = {
				CODE_SIGN_STYLE = Automatic;
				CURRENT_PROJECT_VERSION = 1;
				DEFINES_MODULE = YES;
				DEVELOPMENT_TEAM = S48J667P47;
				DYLIB_COMPATIBILITY_VERSION = 1;
				DYLIB_CURRENT_VERSION = 1;
				DYLIB_INSTALL_NAME_BASE = "@rpath";
				INFOPLIST_FILE = HPHook/Info.plist;
				INSTALL_PATH = "$(LOCAL_LIBRARY_DIR)/Frameworks";
				LD_RUNPATH_SEARCH_PATHS = (
					"$(inherited)",
					"@executable_path/Frameworks",
					"@loader_path/Frameworks",
				);
				PRODUCT_BUNDLE_IDENTIFIER = com.guaizai.HPHook;
				PRODUCT_NAME = "$(TARGET_NAME:c99extidentifier)";
				SKIP_INSTALL = YES;
				TARGETED_DEVICE_FAMILY = "1,2";
				VERSIONING_SYSTEM = "apple-generic";
				VERSION_INFO_PREFIX = "";
			};
			name = Debug;
		};
		BFAE20B8262EDA390010EEB9 /* Release */ = {
			isa = XCBuildConfiguration;
			buildSettings = {
				CODE_SIGN_STYLE = Automatic;
				CURRENT_PROJECT_VERSION = 1;
				DEFINES_MODULE = YES;
				DEVELOPMENT_TEAM = S48J667P47;
				DYLIB_COMPATIBILITY_VERSION = 1;
				DYLIB_CURRENT_VERSION = 1;
				DYLIB_INSTALL_NAME_BASE = "@rpath";
				INFOPLIST_FILE = HPHook/Info.plist;
				INSTALL_PATH = "$(LOCAL_LIBRARY_DIR)/Frameworks";
				LD_RUNPATH_SEARCH_PATHS = (
					"$(inherited)",
					"@executable_path/Frameworks",
					"@loader_path/Frameworks",
				);
				PRODUCT_BUNDLE_IDENTIFIER = com.guaizai.HPHook;
				PRODUCT_NAME = "$(TARGET_NAME:c99extidentifier)";
				SKIP_INSTALL = YES;
				TARGETED_DEVICE_FAMILY = "1,2";
				VERSIONING_SYSTEM = "apple-generic";
				VERSION_INFO_PREFIX = "";
			};
			name = Release;
		};
		BFAE20DE262EF4CA0010EEB9 /* Debug */ = {
			isa = XCBuildConfiguration;
			buildSettings = {
				CODE_SIGN_IDENTITY = "iPhone Developer";
				CODE_SIGN_STYLE = Automatic;
				DEVELOPMENT_TEAM = S48J667P47;
				DYLIB_COMPATIBILITY_VERSION = 1;
				DYLIB_CURRENT_VERSION = 1;
				EXECUTABLE_PREFIX = lib;
				IPHONEOS_DEPLOYMENT_TARGET = 10.0;
				MACOSX_DEPLOYMENT_TARGET = 10.15;
				PRODUCT_NAME = "$(TARGET_NAME)";
				SDKROOT = iphoneos;
				SKIP_INSTALL = YES;
			};
			name = Debug;
		};
		BFAE20DF262EF4CA0010EEB9 /* Release */ = {
			isa = XCBuildConfiguration;
			buildSettings = {
				CODE_SIGN_IDENTITY = "iPhone Developer";
				CODE_SIGN_STYLE = Automatic;
				DEVELOPMENT_TEAM = S48J667P47;
				DYLIB_COMPATIBILITY_VERSION = 1;
				DYLIB_CURRENT_VERSION = 1;
				EXECUTABLE_PREFIX = lib;
				IPHONEOS_DEPLOYMENT_TARGET = 10.0;
				MACOSX_DEPLOYMENT_TARGET = 10.15;
				PRODUCT_NAME = "$(TARGET_NAME)";
				SDKROOT = iphoneos;
				SKIP_INSTALL = YES;
			};
			name = Release;
		};
/* End XCBuildConfiguration section */

/* Begin XCConfigurationList section */
		BF022895262D446E00A32D5E /* Build configuration list for PBXProject "WeChat" */ = {
			isa = XCConfigurationList;
			buildConfigurations = (
				BF0228B1262D447400A32D5E /* Debug */,
				BF0228B2262D447400A32D5E /* Release */,
			);
			defaultConfigurationIsVisible = 0;
			defaultConfigurationName = Release;
		};
		BF0228B3262D447400A32D5E /* Build configuration list for PBXNativeTarget "WeChat" */ = {
			isa = XCConfigurationList;
			buildConfigurations = (
				BF0228B4262D447400A32D5E /* Debug */,
				BF0228B5262D447400A32D5E /* Release */,
			);
			defaultConfigurationIsVisible = 0;
			defaultConfigurationName = Release;
		};
		BFAE20BB262EDA390010EEB9 /* Build configuration list for PBXNativeTarget "HPHook" */ = {
			isa = XCConfigurationList;
			buildConfigurations = (
				BFAE20B7262EDA390010EEB9 /* Debug */,
				BFAE20B8262EDA390010EEB9 /* Release */,
			);
			defaultConfigurationIsVisible = 0;
			defaultConfigurationName = Release;
		};
		BFAE20DD262EF4CA0010EEB9 /* Build configuration list for PBXNativeTarget "HPDylibHook" */ = {
			isa = XCConfigurationList;
			buildConfigurations = (
				BFAE20DE262EF4CA0010EEB9 /* Debug */,
				BFAE20DF262EF4CA0010EEB9 /* Release */,
			);
			defaultConfigurationIsVisible = 0;
			defaultConfigurationName = Release;
		};
/* End XCConfigurationList section */
	};
	rootObject = BF022892262D446E00A32D5E /* Project object */;
}
